PODS:
  - FR_BaseComponent (1.2.1):
    - RxCocoa
    - RxSwift
    - SwipeCellKit (= 2.5.0)
  - FR_Components (1.0.5):
    - FR_BaseComponent
  - RxCocoa (4.3.1):
    - RxSwift (~> 4.0)
  - RxSwift (4.3.1)
  - SwipeCellKit (2.5.0)

DEPENDENCIES:
  - FR_Components (from `../`)

SPEC REPOS:
  https://github.com/CocoaPods/Specs.git:
    - FR_BaseComponent
    - RxCocoa
    - RxSwift
    - SwipeCellKit

EXTERNAL SOURCES:
  FR_Components:
    :path: "../"

SPEC CHECKSUMS:
  FR_BaseComponent: 2592a6331149ba0de8bbe24b09f4473acbf6beb7
  FR_Components: bc32361fbab27e3e3af677e8e7819832e9c01c2c
  RxCocoa: 78763c7b07d02455598d9fc3c1ad091a28b73635
  RxSwift: fe0fd770a43acdb7d0a53da411c9b892e69bb6e4
  SwipeCellKit: d8f2617538ce3021cb0a11d1b93856a06a2f2e20

PODFILE CHECKSUM: 79a21c7347c3cfc809012af23be965c6dc358b80

COCOAPODS: 1.5.0.beta.1
